
Microsoft Visual Studio Solution File, Format Version 12.00
# Visual Studio Version 16
VisualStudioVersion = 16.0.29905.134
MinimumVisualStudioVersion = 10.0.40219.1
Project("{FAE04EC0-301F-11D3-BF4B-00C04F79EFBC}") = "OnlineStore", "OnlineStore\OnlineStore.csproj", "{37FB9D1B-56A4-4BA9-94FE-3087EE6BF1D9}"
EndProject
Global
	GlobalSection(SolutionConfigurationPlatforms) = preSolution
		Debug|Any CPU = Debug|Any CPU
		Release|Any CPU = Release|Any CPU
	EndGlobalSection
	GlobalSection(ProjectConfigurationPlatforms) = postSolution
		{37FB9D1B-56A4-4BA9-94FE-3087EE6BF1D9}.Debug|Any CPU.ActiveCfg = Debug|Any CPU
		{37FB9D1B-56A4-4BA9-94FE-3087EE6BF1D9}.Debug|Any CPU.Build.0 = Debug|Any CPU
		{37FB9D1B-56A4-4BA9-94FE-3087EE6BF1D9}.Release|Any CPU.ActiveCfg = Release|Any CPU
		{37FB9D1B-56A4-4BA9-94FE-3087EE6BF1D9}.Release|Any CPU.Build.0 = Release|Any CPU
	EndGlobalSection
	GlobalSection(SolutionProperties) = preSolution
		HideSolutionNode = FALSE
	EndGlobalSection
	GlobalSection(ExtensibilityGlobals) = postSolution
		SolutionGuid = {73A5927C-6C99-4021-9486-BEF421B8C1BD}
	EndGlobalSection
EndGlobal
